
Microsoft Visual Studio Solution File, Format Version 12.00
# Visual Studio 15
VisualStudioVersion = 15.0.27130.2027
MinimumVisualStudioVersion = 10.0.40219.1
Project("{FAE04EC0-301F-11D3-BF4B-00C04F79EFBC}") = "M1HW1_LopezAlex", "M1HW1_LopezAlex\M1HW1_LopezAlex.csproj", "{2ED33D57-0DC9-4B4A-A20D-79AF9DCBB6FB}"
EndProject
Global
	GlobalSection(SolutionConfigurationPlatforms) = preSolution
		Debug|Any CPU = Debug|Any CPU
		Release|Any CPU = Release|Any CPU
	EndGlobalSection
	GlobalSection(ProjectConfigurationPlatforms) = postSolution
		{2ED33D57-0DC9-4B4A-A20D-79AF9DCBB6FB}.Debug|Any CPU.ActiveCfg = Debug|Any CPU
		{2ED33D57-0DC9-4B4A-A20D-79AF9DCBB6FB}.Debug|Any CPU.Build.0 = Debug|Any CPU
		{2ED33D57-0DC9-4B4A-A20D-79AF9DCBB6FB}.Release|Any CPU.ActiveCfg = Release|Any CPU
		{2ED33D57-0DC9-4B4A-A20D-79AF9DCBB6FB}.Release|Any CPU.Build.0 = Release|Any CPU
	EndGlobalSection
	GlobalSection(SolutionProperties) = preSolution
		HideSolutionNode = FALSE
	EndGlobalSection
	GlobalSection(ExtensibilityGlobals) = postSolution
		SolutionGuid = {FF7CEE1A-FF6C-4CBF-A99D-EE52C151B2B3}
	EndGlobalSection
EndGlobal
